
Microsoft Visual Studio Solution File, Format Version 12.00
# Visual Studio Version 17
VisualStudioVersion = 17.10.35004.147
MinimumVisualStudioVersion = 10.0.40219.1
Project("{FAE04EC0-301F-11D3-BF4B-00C04F79EFBC}") = "API.FFAA.AccessCard", "API.FFAA.AccessCard\API.FFAA.AccessCard.csproj", "{7153CE20-DDB8-4113-AAAE-5D7682F2333D}"
EndProject
Project("{FAE04EC0-301F-11D3-BF4B-00C04F79EFBC}") = "FFAA.AccessCard.Entity", "FFAA.AccessCard.Entity\FFAA.AccessCard.Entity.csproj", "{5B559F72-9612-4D55-8C79-2F4E198E9C1F}"
EndProject
Project("{FAE04EC0-301F-11D3-BF4B-00C04F79EFBC}") = "FFAA.AccessCard.Dao", "FFAA.AccessCard.Dao\FFAA.AccessCard.Dao.csproj", "{2E5B4415-6DC3-41FE-9CEC-03DF4E31D01D}"
EndProject
Project("{FAE04EC0-301F-11D3-BF4B-00C04F79EFBC}") = "FFAA.AccessCard.BO", "FFAA.AccessCard.BO\FFAA.AccessCard.BO.csproj", "{DACA7089-7CD1-4AF6-88E3-D9075E3AFEC2}"
EndProject
Global
	GlobalSection(SolutionConfigurationPlatforms) = preSolution
		Debug|Any CPU = Debug|Any CPU
		Release|Any CPU = Release|Any CPU
	EndGlobalSection
	GlobalSection(ProjectConfigurationPlatforms) = postSolution
		{7153CE20-DDB8-4113-AAAE-5D7682F2333D}.Debug|Any CPU.ActiveCfg = Debug|Any CPU
		{7153CE20-DDB8-4113-AAAE-5D7682F2333D}.Debug|Any CPU.Build.0 = Debug|Any CPU
		{7153CE20-DDB8-4113-AAAE-5D7682F2333D}.Release|Any CPU.ActiveCfg = Release|Any CPU
		{7153CE20-DDB8-4113-AAAE-5D7682F2333D}.Release|Any CPU.Build.0 = Release|Any CPU
		{5B559F72-9612-4D55-8C79-2F4E198E9C1F}.Debug|Any CPU.ActiveCfg = Debug|Any CPU
		{5B559F72-9612-4D55-8C79-2F4E198E9C1F}.Debug|Any CPU.Build.0 = Debug|Any CPU
		{5B559F72-9612-4D55-8C79-2F4E198E9C1F}.Release|Any CPU.ActiveCfg = Release|Any CPU
		{5B559F72-9612-4D55-8C79-2F4E198E9C1F}.Release|Any CPU.Build.0 = Release|Any CPU
		{2E5B4415-6DC3-41FE-9CEC-03DF4E31D01D}.Debug|Any CPU.ActiveCfg = Debug|Any CPU
		{2E5B4415-6DC3-41FE-9CEC-03DF4E31D01D}.Debug|Any CPU.Build.0 = Debug|Any CPU
		{2E5B4415-6DC3-41FE-9CEC-03DF4E31D01D}.Release|Any CPU.ActiveCfg = Release|Any CPU
		{2E5B4415-6DC3-41FE-9CEC-03DF4E31D01D}.Release|Any CPU.Build.0 = Release|Any CPU
		{DACA7089-7CD1-4AF6-88E3-D9075E3AFEC2}.Debug|Any CPU.ActiveCfg = Debug|Any CPU
		{DACA7089-7CD1-4AF6-88E3-D9075E3AFEC2}.Debug|Any CPU.Build.0 = Debug|Any CPU
		{DACA7089-7CD1-4AF6-88E3-D9075E3AFEC2}.Release|Any CPU.ActiveCfg = Release|Any CPU
		{DACA7089-7CD1-4AF6-88E3-D9075E3AFEC2}.Release|Any CPU.Build.0 = Release|Any CPU
	EndGlobalSection
	GlobalSection(SolutionProperties) = preSolution
		HideSolutionNode = FALSE
	EndGlobalSection
	GlobalSection(ExtensibilityGlobals) = postSolution
		SolutionGuid = {B2494E67-337E-4444-8C2B-FCE78B02C2A2}
	EndGlobalSection
EndGlobal
